
Microsoft Visual Studio Solution File, Format Version 12.00
# Visual Studio Version 17
VisualStudioVersion = 17.9.34728.123
MinimumVisualStudioVersion = 10.0.40219.1
Project("{9A19103F-16F7-4668-BE54-9A1E7A4F7556}") = "StockManagement", "Stock Management\StockManagement.csproj", "{55BFF11F-0E86-4ECB-8F9D-1FC2EFB8A516}"
EndProject
Project("{9A19103F-16F7-4668-BE54-9A1E7A4F7556}") = "StockManagement.Entity", "StockManagement.Entity\StockManagement.Entity.csproj", "{547D6035-6B95-4FA7-B8F4-2AC44391FA8C}"
EndProject
Project("{FAE04EC0-301F-11D3-BF4B-00C04F79EFBC}") = "StockManagement.Service", "StockManagement.Service\StockManagement.Service.csproj", "{22C7317A-7B7E-4F43-BC37-0ED21D20823C}"
EndProject
Project("{FAE04EC0-301F-11D3-BF4B-00C04F79EFBC}") = "StockManagement.Repository", "StockManagement.Repository\StockManagement.Repository.csproj", "{171542A2-9C1A-B265-C13C-8AF7DD2E8D3B}"
EndProject
Global
	GlobalSection(SolutionConfigurationPlatforms) = preSolution
		Debug|Any CPU = Debug|Any CPU
		Debug|x64 = Debug|x64
		Debug|x86 = Debug|x86
		Release|Any CPU = Release|Any CPU
		Release|x64 = Release|x64
		Release|x86 = Release|x86
	EndGlobalSection
	GlobalSection(ProjectConfigurationPlatforms) = postSolution
		{55BFF11F-0E86-4ECB-8F9D-1FC2EFB8A516}.Debug|Any CPU.ActiveCfg = Debug|Any CPU
		{55BFF11F-0E86-4ECB-8F9D-1FC2EFB8A516}.Debug|Any CPU.Build.0 = Debug|Any CPU
		{55BFF11F-0E86-4ECB-8F9D-1FC2EFB8A516}.Debug|x64.ActiveCfg = Debug|Any CPU
		{55BFF11F-0E86-4ECB-8F9D-1FC2EFB8A516}.Debug|x64.Build.0 = Debug|Any CPU
		{55BFF11F-0E86-4ECB-8F9D-1FC2EFB8A516}.Debug|x86.ActiveCfg = Debug|Any CPU
		{55BFF11F-0E86-4ECB-8F9D-1FC2EFB8A516}.Debug|x86.Build.0 = Debug|Any CPU
		{55BFF11F-0E86-4ECB-8F9D-1FC2EFB8A516}.Release|Any CPU.ActiveCfg = Release|Any CPU
		{55BFF11F-0E86-4ECB-8F9D-1FC2EFB8A516}.Release|Any CPU.Build.0 = Release|Any CPU
		{55BFF11F-0E86-4ECB-8F9D-1FC2EFB8A516}.Release|x64.ActiveCfg = Release|Any CPU
		{55BFF11F-0E86-4ECB-8F9D-1FC2EFB8A516}.Release|x64.Build.0 = Release|Any CPU
		{55BFF11F-0E86-4ECB-8F9D-1FC2EFB8A516}.Release|x86.ActiveCfg = Release|Any CPU
		{55BFF11F-0E86-4ECB-8F9D-1FC2EFB8A516}.Release|x86.Build.0 = Release|Any CPU
		{547D6035-6B95-4FA7-B8F4-2AC44391FA8C}.Debug|Any CPU.ActiveCfg = Debug|Any CPU
		{547D6035-6B95-4FA7-B8F4-2AC44391FA8C}.Debug|Any CPU.Build.0 = Debug|Any CPU
		{547D6035-6B95-4FA7-B8F4-2AC44391FA8C}.Debug|x64.ActiveCfg = Debug|Any CPU
		{547D6035-6B95-4FA7-B8F4-2AC44391FA8C}.Debug|x64.Build.0 = Debug|Any CPU
		{547D6035-6B95-4FA7-B8F4-2AC44391FA8C}.Debug|x86.ActiveCfg = Debug|Any CPU
		{547D6035-6B95-4FA7-B8F4-2AC44391FA8C}.Debug|x86.Build.0 = Debug|Any CPU
		{547D6035-6B95-4FA7-B8F4-2AC44391FA8C}.Release|Any CPU.ActiveCfg = Release|Any CPU
		{547D6035-6B95-4FA7-B8F4-2AC44391FA8C}.Release|Any CPU.Build.0 = Release|Any CPU
		{547D6035-6B95-4FA7-B8F4-2AC44391FA8C}.Release|x64.ActiveCfg = Release|Any CPU
		{547D6035-6B95-4FA7-B8F4-2AC44391FA8C}.Release|x64.Build.0 = Release|Any CPU
		{547D6035-6B95-4FA7-B8F4-2AC44391FA8C}.Release|x86.ActiveCfg = Release|Any CPU
		{547D6035-6B95-4FA7-B8F4-2AC44391FA8C}.Release|x86.Build.0 = Release|Any CPU
		{22C7317A-7B7E-4F43-BC37-0ED21D20823C}.Debug|Any CPU.ActiveCfg = Debug|Any CPU
		{22C7317A-7B7E-4F43-BC37-0ED21D20823C}.Debug|Any CPU.Build.0 = Debug|Any CPU
		{22C7317A-7B7E-4F43-BC37-0ED21D20823C}.Debug|x64.ActiveCfg = Debug|Any CPU
		{22C7317A-7B7E-4F43-BC37-0ED21D20823C}.Debug|x86.ActiveCfg = Debug|Any CPU
		{22C7317A-7B7E-4F43-BC37-0ED21D20823C}.Release|Any CPU.ActiveCfg = Release|Any CPU
		{22C7317A-7B7E-4F43-BC37-0ED21D20823C}.Release|Any CPU.Build.0 = Release|Any CPU
		{22C7317A-7B7E-4F43-BC37-0ED21D20823C}.Release|x64.ActiveCfg = Release|Any CPU
		{22C7317A-7B7E-4F43-BC37-0ED21D20823C}.Release|x86.ActiveCfg = Release|Any CPU
		{171542A2-9C1A-B265-C13C-8AF7DD2E8D3B}.Debug|Any CPU.ActiveCfg = Debug|Any CPU
		{171542A2-9C1A-B265-C13C-8AF7DD2E8D3B}.Debug|Any CPU.Build.0 = Debug|Any CPU
		{171542A2-9C1A-B265-C13C-8AF7DD2E8D3B}.Debug|x64.ActiveCfg = Debug|Any CPU
		{171542A2-9C1A-B265-C13C-8AF7DD2E8D3B}.Debug|x64.Build.0 = Debug|Any CPU
		{171542A2-9C1A-B265-C13C-8AF7DD2E8D3B}.Debug|x86.ActiveCfg = Debug|Any CPU
		{171542A2-9C1A-B265-C13C-8AF7DD2E8D3B}.Debug|x86.Build.0 = Debug|Any CPU
		{171542A2-9C1A-B265-C13C-8AF7DD2E8D3B}.Release|Any CPU.ActiveCfg = Release|Any CPU
		{171542A2-9C1A-B265-C13C-8AF7DD2E8D3B}.Release|Any CPU.Build.0 = Release|Any CPU
		{171542A2-9C1A-B265-C13C-8AF7DD2E8D3B}.Release|x64.ActiveCfg = Release|Any CPU
		{171542A2-9C1A-B265-C13C-8AF7DD2E8D3B}.Release|x64.Build.0 = Release|Any CPU
		{171542A2-9C1A-B265-C13C-8AF7DD2E8D3B}.Release|x86.ActiveCfg = Release|Any CPU
		{171542A2-9C1A-B265-C13C-8AF7DD2E8D3B}.Release|x86.Build.0 = Release|Any CPU
	EndGlobalSection
	GlobalSection(SolutionProperties) = preSolution
		HideSolutionNode = FALSE
	EndGlobalSection
	GlobalSection(ExtensibilityGlobals) = postSolution
		SolutionGuid = {1C2FDE8C-5B65-4594-BD50-03F7702A8995}
	EndGlobalSection
EndGlobal
